
Microsoft Visual Studio Solution File, Format Version 12.00
# Visual Studio Version 16
VisualStudioVersion = 16.0.33529.622
MinimumVisualStudioVersion = 10.0.40219.1
Project("{8BC9CEB8-8B4A-11D0-8D11-00A0C91BC942}") = "20233_05_24_019_ArreglosDinamicos", "20233_05_24_019_ArreglosDinamicos.vcxproj", "{4DC97A89-864C-4F16-860E-A5D3D011CBDD}"
EndProject
Global
	GlobalSection(SolutionConfigurationPlatforms) = preSolution
		Debug|x64 = Debug|x64
		Debug|x86 = Debug|x86
		Release|x64 = Release|x64
		Release|x86 = Release|x86
	EndGlobalSection
	GlobalSection(ProjectConfigurationPlatforms) = postSolution
		{4DC97A89-864C-4F16-860E-A5D3D011CBDD}.Debug|x64.ActiveCfg = Debug|x64
		{4DC97A89-864C-4F16-860E-A5D3D011CBDD}.Debug|x64.Build.0 = Debug|x64
		{4DC97A89-864C-4F16-860E-A5D3D011CBDD}.Debug|x86.ActiveCfg = Debug|Win32
		{4DC97A89-864C-4F16-860E-A5D3D011CBDD}.Debug|x86.Build.0 = Debug|Win32
		{4DC97A89-864C-4F16-860E-A5D3D011CBDD}.Release|x64.ActiveCfg = Release|x64
		{4DC97A89-864C-4F16-860E-A5D3D011CBDD}.Release|x64.Build.0 = Release|x64
		{4DC97A89-864C-4F16-860E-A5D3D011CBDD}.Release|x86.ActiveCfg = Release|Win32
		{4DC97A89-864C-4F16-860E-A5D3D011CBDD}.Release|x86.Build.0 = Release|Win32
	EndGlobalSection
	GlobalSection(SolutionProperties) = preSolution
		HideSolutionNode = FALSE
	EndGlobalSection
	GlobalSection(ExtensibilityGlobals) = postSolution
		SolutionGuid = {6A8CE2F9-4CBC-4892-8CB5-C976357C1B6D}
	EndGlobalSection
EndGlobal
