
Microsoft Visual Studio Solution File, Format Version 12.00
# Visual Studio Version 16
VisualStudioVersion = 16.0.33529.622
MinimumVisualStudioVersion = 10.0.40219.1
Project("{8BC9CEB8-8B4A-11D0-8D11-00A0C91BC942}") = "2023_06_12_HISTORIA_NARRADA", "2023_06_12_HISTORIA_NARRADA.vcxproj", "{E41F1C31-3D55-4C47-A9DD-A8D9F040C3BE}"
EndProject
Global
	GlobalSection(SolutionConfigurationPlatforms) = preSolution
		Debug|x64 = Debug|x64
		Debug|x86 = Debug|x86
		Release|x64 = Release|x64
		Release|x86 = Release|x86
	EndGlobalSection
	GlobalSection(ProjectConfigurationPlatforms) = postSolution
		{E41F1C31-3D55-4C47-A9DD-A8D9F040C3BE}.Debug|x64.ActiveCfg = Debug|x64
		{E41F1C31-3D55-4C47-A9DD-A8D9F040C3BE}.Debug|x64.Build.0 = Debug|x64
		{E41F1C31-3D55-4C47-A9DD-A8D9F040C3BE}.Debug|x86.ActiveCfg = Debug|Win32
		{E41F1C31-3D55-4C47-A9DD-A8D9F040C3BE}.Debug|x86.Build.0 = Debug|Win32
		{E41F1C31-3D55-4C47-A9DD-A8D9F040C3BE}.Release|x64.ActiveCfg = Release|x64
		{E41F1C31-3D55-4C47-A9DD-A8D9F040C3BE}.Release|x64.Build.0 = Release|x64
		{E41F1C31-3D55-4C47-A9DD-A8D9F040C3BE}.Release|x86.ActiveCfg = Release|Win32
		{E41F1C31-3D55-4C47-A9DD-A8D9F040C3BE}.Release|x86.Build.0 = Release|Win32
	EndGlobalSection
	GlobalSection(SolutionProperties) = preSolution
		HideSolutionNode = FALSE
	EndGlobalSection
	GlobalSection(ExtensibilityGlobals) = postSolution
		SolutionGuid = {641CFE5F-C076-4EDF-8BFB-DD711B95FF19}
	EndGlobalSection
EndGlobal
