
Microsoft Visual Studio Solution File, Format Version 12.00
# Visual Studio Version 16
VisualStudioVersion = 16.0.33423.256
MinimumVisualStudioVersion = 10.0.40219.1
Project("{8BC9CEB8-8B4A-11D0-8D11-00A0C91BC942}") = "2023_03_27_004_EControl_V1", "2023_03_27_004_EControl_V1.vcxproj", "{CF8AC122-6A06-4E4B-8D4B-5753472A6833}"
EndProject
Global
	GlobalSection(SolutionConfigurationPlatforms) = preSolution
		Debug|x64 = Debug|x64
		Debug|x86 = Debug|x86
		Release|x64 = Release|x64
		Release|x86 = Release|x86
	EndGlobalSection
	GlobalSection(ProjectConfigurationPlatforms) = postSolution
		{CF8AC122-6A06-4E4B-8D4B-5753472A6833}.Debug|x64.ActiveCfg = Debug|x64
		{CF8AC122-6A06-4E4B-8D4B-5753472A6833}.Debug|x64.Build.0 = Debug|x64
		{CF8AC122-6A06-4E4B-8D4B-5753472A6833}.Debug|x86.ActiveCfg = Debug|Win32
		{CF8AC122-6A06-4E4B-8D4B-5753472A6833}.Debug|x86.Build.0 = Debug|Win32
		{CF8AC122-6A06-4E4B-8D4B-5753472A6833}.Release|x64.ActiveCfg = Release|x64
		{CF8AC122-6A06-4E4B-8D4B-5753472A6833}.Release|x64.Build.0 = Release|x64
		{CF8AC122-6A06-4E4B-8D4B-5753472A6833}.Release|x86.ActiveCfg = Release|Win32
		{CF8AC122-6A06-4E4B-8D4B-5753472A6833}.Release|x86.Build.0 = Release|Win32
	EndGlobalSection
	GlobalSection(SolutionProperties) = preSolution
		HideSolutionNode = FALSE
	EndGlobalSection
	GlobalSection(ExtensibilityGlobals) = postSolution
		SolutionGuid = {126902DB-6022-4840-9486-E14D5397C39C}
	EndGlobalSection
EndGlobal
